
Microsoft Visual Studio Solution File, Format Version 12.00
# Visual Studio Version 16
VisualStudioVersion = 16.0.30907.101
MinimumVisualStudioVersion = 10.0.40219.1
Project("{FAE04EC0-301F-11D3-BF4B-00C04F79EFBC}") = "ReceiptGenerator", "ReceiptGenerator.csproj", "{43541AF8-BB03-48A7-91D2-272443BA4D9A}"
EndProject
Global
	GlobalSection(SolutionConfigurationPlatforms) = preSolution
		Debug|Any CPU = Debug|Any CPU
		Release|Any CPU = Release|Any CPU
	EndGlobalSection
	GlobalSection(ProjectConfigurationPlatforms) = postSolution
		{43541AF8-BB03-48A7-91D2-272443BA4D9A}.Debug|Any CPU.ActiveCfg = Debug|Any CPU
		{43541AF8-BB03-48A7-91D2-272443BA4D9A}.Debug|Any CPU.Build.0 = Debug|Any CPU
		{43541AF8-BB03-48A7-91D2-272443BA4D9A}.Release|Any CPU.ActiveCfg = Release|Any CPU
		{43541AF8-BB03-48A7-91D2-272443BA4D9A}.Release|Any CPU.Build.0 = Release|Any CPU
	EndGlobalSection
	GlobalSection(SolutionProperties) = preSolution
		HideSolutionNode = FALSE
	EndGlobalSection
	GlobalSection(ExtensibilityGlobals) = postSolution
		SolutionGuid = {57CC4E9B-3009-4B2A-AEC6-C5F9F801EF77}
	EndGlobalSection
EndGlobal
